{
    "_readme": [
        "This file locks the dependencies of your project to a known state",
        "Read more about it at https://getcomposer.org/doc/01-basic-usage.md#composer-lock-the-lock-file",
        "This file is @generated automatically"
    ],
    "hash": "a93d0b3fcda665d07fcc058b619206e2",
    "content-hash": "6740d47759c425e2c03089a66b98e6ce",
    "packages": [
        {
            "name": "fortawesome/font-awesome",
            "version": "v4.6.3",
            "source": {
                "type": "git",
                "url": "https://github.com/FortAwesome/Font-Awesome.git",
                "reference": "8e241f209faa1dd2182c9fdc9c352d8806504a4e"
            },
            "dist": {
                "type": "zip",
                "url": "https://api.github.com/repos/FortAwesome/Font-Awesome/zipball/8e241f209faa1dd2182c9fdc9c352d8806504a4e",
                "reference": "8e241f209faa1dd2182c9fdc9c352d8806504a4e",
                "shasum": ""
            },
            "require-dev": {
                "jekyll": "1.0.2",
                "lessc": "1.4.2"
            },
            "type": "library",
            "extra": {
                "branch-alias": {
                    "dev-master": "4.6.x-dev"
                }
            },
            "notification-url": "https://packagist.org/downloads/",
            "license": [
                "OFL-1.1",
                "MIT"
            ],
            "authors": [
                {
                    "name": "Dave Gandy",
                    "email": "dave@fontawesome.io",
                    "homepage": "http://twitter.com/davegandy",
                    "role": "Developer"
                }
            ],
            "description": "The iconic font and CSS framework",
            "homepage": "http://fontawesome.io/",
            "keywords": [
                "FontAwesome",
                "awesome",
                "bootstrap",
                "font",
                "icon"
            ],
            "time": "2016-05-13 15:42:25"
        },
        {
            "name": "mathjax/mathjax",
            "version": "2.6.1",
            "source": {
                "type": "git",
                "url": "https://github.com/mathjax/MathJax.git",
                "reference": "d4ab1b35c96dd964eaa9e1ed2c86e39fffbdacf6"
            },
            "dist": {
                "type": "zip",
                "url": "https://api.github.com/repos/mathjax/MathJax/zipball/d4ab1b35c96dd964eaa9e1ed2c86e39fffbdacf6",
                "reference": "d4ab1b35c96dd964eaa9e1ed2c86e39fffbdacf6",
                "shasum": ""
            },
            "type": "library",
            "notification-url": "https://packagist.org/downloads/",
            "license": [
                "Apache-2.0"
            ],
            "authors": [
                {
                    "name": "MathJax Consortium",
                    "homepage": "https://github.com/mathjax"
                }
            ],
            "description": "MathJax is an open-source JavaScript display engine for LaTeX, MathML, and AsciiMath notation that works in all modern browsers.",
            "homepage": "http://www.mathjax.org/",
            "keywords": [
                "AsciiMath",
                "JS",
                "MathML",
                "latex",
                "math"
            ],
            "time": "2016-02-08 16:46:12"
        }
    ],
    "packages-dev": [
        {
            "name": "heroku/heroku-buildpack-php",
            "version": "v109",
            "source": {
                "type": "git",
                "url": "https://github.com/heroku/heroku-buildpack-php.git",
                "reference": "cd2d13992b72d049aa270d4b745aae6329e0c037"
            },
            "dist": {
                "type": "zip",
                "url": "https://api.github.com/repos/heroku/heroku-buildpack-php/zipball/cd2d13992b72d049aa270d4b745aae6329e0c037",
                "reference": "cd2d13992b72d049aa270d4b745aae6329e0c037",
                "shasum": ""
            },
            "bin": [
                "bin/heroku-hhvm-apache2",
                "bin/heroku-hhvm-nginx",
                "bin/heroku-php-apache2",
                "bin/heroku-php-nginx"
            ],
            "type": "library",
            "notification-url": "https://packagist.org/downloads/",
            "license": [
                "MIT"
            ],
            "authors": [
                {
                    "name": "David Zuelke",
                    "email": "dz@heroku.com"
                }
            ],
            "description": "Toolkit for starting a PHP application locally, with or without foreman, using the same config for PHP/HHVM and Apache2/Nginx as on Heroku",
            "homepage": "https://github.com/heroku/heroku-buildpack-php",
            "keywords": [
                "apache",
                "apache2",
                "foreman",
                "heroku",
                "hhvm",
                "nginx",
                "php"
            ],
            "time": "2016-07-21 11:26:05"
        }
    ],
    "aliases": [],
    "minimum-stability": "stable",
    "stability-flags": [],
    "prefer-stable": false,
    "prefer-lowest": false,
    "platform": {
        "php": "~7.0.0"
    },
    "platform-dev": []
}
